
Microsoft Visual Studio Solution File, Format Version 12.00
# Visual Studio 15
VisualStudioVersion = 15.0.28307.438
MinimumVisualStudioVersion = 10.0.40219.1
Project("{8BC9CEB8-8B4A-11D0-8D11-00A0C91BC942}") = "Aviasales", "Aviasales.vcxproj", "{06709A6C-5C5F-4C52-9AB4-206DF55FF084}"
EndProject
Global
	GlobalSection(SolutionConfigurationPlatforms) = preSolution
		Debug|x64 = Debug|x64
		Debug|x86 = Debug|x86
		Release|x64 = Release|x64
		Release|x86 = Release|x86
	EndGlobalSection
	GlobalSection(ProjectConfigurationPlatforms) = postSolution
		{06709A6C-5C5F-4C52-9AB4-206DF55FF084}.Debug|x64.ActiveCfg = Debug|x64
		{06709A6C-5C5F-4C52-9AB4-206DF55FF084}.Debug|x64.Build.0 = Debug|x64
		{06709A6C-5C5F-4C52-9AB4-206DF55FF084}.Debug|x86.ActiveCfg = Debug|Win32
		{06709A6C-5C5F-4C52-9AB4-206DF55FF084}.Debug|x86.Build.0 = Debug|Win32
		{06709A6C-5C5F-4C52-9AB4-206DF55FF084}.Release|x64.ActiveCfg = Release|x64
		{06709A6C-5C5F-4C52-9AB4-206DF55FF084}.Release|x64.Build.0 = Release|x64
		{06709A6C-5C5F-4C52-9AB4-206DF55FF084}.Release|x86.ActiveCfg = Release|Win32
		{06709A6C-5C5F-4C52-9AB4-206DF55FF084}.Release|x86.Build.0 = Release|Win32
	EndGlobalSection
	GlobalSection(SolutionProperties) = preSolution
		HideSolutionNode = FALSE
	EndGlobalSection
	GlobalSection(ExtensibilityGlobals) = postSolution
		SolutionGuid = {D709606D-2949-46C5-BB36-15384CDA13EB}
	EndGlobalSection
EndGlobal
